// !$*UTF8*$!
{
	archiveVersion = 1;
	classes = {
	};
	objectVersion = 46;
	objects = {

/* Begin PBXBuildFile section */
		8CD7D6D81CEF53C500EC78EE /* AppDelegate.swift in Sources */ = {isa = PBXBuildFile; fileRef = 8CD7D6D71CEF53C500EC78EE /* AppDelegate.swift */; };
		8CD7D6DA1CEF53C500EC78EE /* ViewController.swift in Sources */ = {isa = PBXBuildFile; fileRef = 8CD7D6D91CEF53C500EC78EE /* ViewController.swift */; };
		8CD7D6DD1CEF53C500EC78EE /* Main.storyboard in Resources */ = {isa = PBXBuildFile; fileRef = 8CD7D6DB1CEF53C500EC78EE /* Main.storyboard */; };
		8CD7D6DF1CEF53C500EC78EE /* Assets.xcassets in Resources */ = {isa = PBXBuildFile; fileRef = 8CD7D6DE1CEF53C500EC78EE /* Assets.xcassets */; };
		8CD7D6E21CEF53C500EC78EE /* LaunchScreen.storyboard in Resources */ = {isa = PBXBuildFile; fileRef = 8CD7D6E01CEF53C500EC78EE /* LaunchScreen.storyboard */; };
		8CD7D6ED1CEF53C500EC78EE /* BreakingDependanciesTests.swift in Sources */ = {isa = PBXBuildFile; fileRef = 8CD7D6EC1CEF53C500EC78EE /* BreakingDependanciesTests.swift */; };
		8CD7D6FC1CEF544F00EC78EE /* MusicAnalytics.m in Sources */ = {isa = PBXBuildFile; fileRef = 8CD7D6FB1CEF544F00EC78EE /* MusicAnalytics.m */; };
		8CD7D7011CEF555800EC78EE /* MusicDiff.m in Sources */ = {isa = PBXBuildFile; fileRef = 8CD7D7001CEF555800EC78EE /* MusicDiff.m */; };
		8CD7D7041CEF569300EC78EE /* MusicDatabase.m in Sources */ = {isa = PBXBuildFile; fileRef = 8CD7D7031CEF569300EC78EE /* MusicDatabase.m */; };
		8CD7D7071CEF57D900EC78EE /* MusicTrack.m in Sources */ = {isa = PBXBuildFile; fileRef = 8CD7D7061CEF57D900EC78EE /* MusicTrack.m */; };
		8CD7D70A1CEF5C4E00EC78EE /* MusicTrackListen.m in Sources */ = {isa = PBXBuildFile; fileRef = 8CD7D7091CEF5C4E00EC78EE /* MusicTrackListen.m */; };
		8CD7D70D1CEF5DFC00EC78EE /* NetworkManager.m in Sources */ = {isa = PBXBuildFile; fileRef = 8CD7D70C1CEF5DFC00EC78EE /* NetworkManager.m */; };
		8CD7D7101CEF60B600EC78EE /* DatabaseTransaction.m in Sources */ = {isa = PBXBuildFile; fileRef = 8CD7D70F1CEF60B600EC78EE /* DatabaseTransaction.m */; };
		8CD7D7131CEF60FC00EC78EE /* DatabaseConnection.m in Sources */ = {isa = PBXBuildFile; fileRef = 8CD7D7121CEF60FC00EC78EE /* DatabaseConnection.m */; };
/* End PBXBuildFile section */

/* Begin PBXContainerItemProxy section */
		8CD7D6E91CEF53C500EC78EE /* PBXContainerItemProxy */ = {
			isa = PBXContainerItemProxy;
			containerPortal = 8CD7D6CC1CEF53C500EC78EE /* Project object */;
			proxyType = 1;
			remoteGlobalIDString = 8CD7D6D31CEF53C500EC78EE;
			remoteInfo = BreakingDependancies;
		};
/* End PBXContainerItemProxy section */

/* Begin PBXFileReference section */
		8CD7D6D41CEF53C500EC78EE /* BreakingDependancies.app */ = {isa = PBXFileReference; explicitFileType = wrapper.application; includeInIndex = 0; path = BreakingDependancies.app; sourceTree = BUILT_PRODUCTS_DIR; };
		8CD7D6D71CEF53C500EC78EE /* AppDelegate.swift */ = {isa = PBXFileReference; lastKnownFileType = sourcecode.swift; path = AppDelegate.swift; sourceTree = "<group>"; };
		8CD7D6D91CEF53C500EC78EE /* ViewController.swift */ = {isa = PBXFileReference; lastKnownFileType = sourcecode.swift; path = ViewController.swift; sourceTree = "<group>"; };
		8CD7D6DC1CEF53C500EC78EE /* Base */ = {isa = PBXFileReference; lastKnownFileType = file.storyboard; name = Base; path = Base.lproj/Main.storyboard; sourceTree = "<group>"; };
		8CD7D6DE1CEF53C500EC78EE /* Assets.xcassets */ = {isa = PBXFileReference; lastKnownFileType = folder.assetcatalog; path = Assets.xcassets; sourceTree = "<group>"; };
		8CD7D6E11CEF53C500EC78EE /* Base */ = {isa = PBXFileReference; lastKnownFileType = file.storyboard; name = Base; path = Base.lproj/LaunchScreen.storyboard; sourceTree = "<group>"; };
		8CD7D6E31CEF53C500EC78EE /* Info.plist */ = {isa = PBXFileReference; lastKnownFileType = text.plist.xml; path = Info.plist; sourceTree = "<group>"; };
		8CD7D6E81CEF53C500EC78EE /* BreakingDependanciesTests.xctest */ = {isa = PBXFileReference; explicitFileType = wrapper.cfbundle; includeInIndex = 0; path = BreakingDependanciesTests.xctest; sourceTree = BUILT_PRODUCTS_DIR; };
		8CD7D6EC1CEF53C500EC78EE /* BreakingDependanciesTests.swift */ = {isa = PBXFileReference; lastKnownFileType = sourcecode.swift; path = BreakingDependanciesTests.swift; sourceTree = "<group>"; };
		8CD7D6EE1CEF53C500EC78EE /* Info.plist */ = {isa = PBXFileReference; lastKnownFileType = text.plist.xml; path = Info.plist; sourceTree = "<group>"; };
		8CD7D6F91CEF544F00EC78EE /* BreakingDependancies-Bridging-Header.h */ = {isa = PBXFileReference; lastKnownFileType = sourcecode.c.h; path = "BreakingDependancies-Bridging-Header.h"; sourceTree = "<group>"; };
		8CD7D6FA1CEF544F00EC78EE /* MusicAnalytics.h */ = {isa = PBXFileReference; fileEncoding = 4; lastKnownFileType = sourcecode.c.h; path = MusicAnalytics.h; sourceTree = "<group>"; };
		8CD7D6FB1CEF544F00EC78EE /* MusicAnalytics.m */ = {isa = PBXFileReference; fileEncoding = 4; lastKnownFileType = sourcecode.c.objc; path = MusicAnalytics.m; sourceTree = "<group>"; };
		8CD7D6FF1CEF555800EC78EE /* MusicDiff.h */ = {isa = PBXFileReference; fileEncoding = 4; lastKnownFileType = sourcecode.c.h; path = MusicDiff.h; sourceTree = "<group>"; };
		8CD7D7001CEF555800EC78EE /* MusicDiff.m */ = {isa = PBXFileReference; fileEncoding = 4; lastKnownFileType = sourcecode.c.objc; path = MusicDiff.m; sourceTree = "<group>"; };
		8CD7D7021CEF569300EC78EE /* MusicDatabase.h */ = {isa = PBXFileReference; fileEncoding = 4; lastKnownFileType = sourcecode.c.h; path = MusicDatabase.h; sourceTree = "<group>"; };
		8CD7D7031CEF569300EC78EE /* MusicDatabase.m */ = {isa = PBXFileReference; fileEncoding = 4; lastKnownFileType = sourcecode.c.objc; path = MusicDatabase.m; sourceTree = "<group>"; };
		8CD7D7051CEF57D900EC78EE /* MusicTrack.h */ = {isa = PBXFileReference; fileEncoding = 4; lastKnownFileType = sourcecode.c.h; path = MusicTrack.h; sourceTree = "<group>"; };
		8CD7D7061CEF57D900EC78EE /* MusicTrack.m */ = {isa = PBXFileReference; fileEncoding = 4; lastKnownFileType = sourcecode.c.objc; path = MusicTrack.m; sourceTree = "<group>"; };
		8CD7D7081CEF5C4E00EC78EE /* MusicTrackListen.h */ = {isa = PBXFileReference; fileEncoding = 4; lastKnownFileType = sourcecode.c.h; path = MusicTrackListen.h; sourceTree = "<group>"; };
		8CD7D7091CEF5C4E00EC78EE /* MusicTrackListen.m */ = {isa = PBXFileReference; fileEncoding = 4; lastKnownFileType = sourcecode.c.objc; path = MusicTrackListen.m; sourceTree = "<group>"; };
		8CD7D70B1CEF5DFC00EC78EE /* NetworkManager.h */ = {isa = PBXFileReference; fileEncoding = 4; lastKnownFileType = sourcecode.c.h; path = NetworkManager.h; sourceTree = "<group>"; };
		8CD7D70C1CEF5DFC00EC78EE /* NetworkManager.m */ = {isa = PBXFileReference; fileEncoding = 4; lastKnownFileType = sourcecode.c.objc; path = NetworkManager.m; sourceTree = "<group>"; };
		8CD7D70E1CEF60B600EC78EE /* DatabaseTransaction.h */ = {isa = PBXFileReference; fileEncoding = 4; lastKnownFileType = sourcecode.c.h; path = DatabaseTransaction.h; sourceTree = "<group>"; };
		8CD7D70F1CEF60B600EC78EE /* DatabaseTransaction.m */ = {isa = PBXFileReference; fileEncoding = 4; lastKnownFileType = sourcecode.c.objc; path = DatabaseTransaction.m; sourceTree = "<group>"; };
		8CD7D7111CEF60FC00EC78EE /* DatabaseConnection.h */ = {isa = PBXFileReference; fileEncoding = 4; lastKnownFileType = sourcecode.c.h; path = DatabaseConnection.h; sourceTree = "<group>"; };
		8CD7D7121CEF60FC00EC78EE /* DatabaseConnection.m */ = {isa = PBXFileReference; fileEncoding = 4; lastKnownFileType = sourcecode.c.objc; path = DatabaseConnection.m; sourceTree = "<group>"; };
/* End PBXFileReference section */

/* Begin PBXFrameworksBuildPhase section */
		8CD7D6D11CEF53C500EC78EE /* Frameworks */ = {
			isa = PBXFrameworksBuildPhase;
			buildActionMask = 2147483647;
			files = (
			);
			runOnlyForDeploymentPostprocessing = 0;
		};
		8CD7D6E51CEF53C500EC78EE /* Frameworks */ = {
			isa = PBXFrameworksBuildPhase;
			buildActionMask = 2147483647;
			files = (
			);
			runOnlyForDeploymentPostprocessing = 0;
		};
/* End PBXFrameworksBuildPhase section */

/* Begin PBXGroup section */
		8CD7D6CB1CEF53C500EC78EE = {
			isa = PBXGroup;
			children = (
				8CD7D6D61CEF53C500EC78EE /* BreakingDependancies */,
				8CD7D6EB1CEF53C500EC78EE /* BreakingDependanciesTests */,
				8CD7D6D51CEF53C500EC78EE /* Products */,
			);
			sourceTree = "<group>";
		};
		8CD7D6D51CEF53C500EC78EE /* Products */ = {
			isa = PBXGroup;
			children = (
				8CD7D6D41CEF53C500EC78EE /* BreakingDependancies.app */,
				8CD7D6E81CEF53C500EC78EE /* BreakingDependanciesTests.xctest */,
			);
			name = Products;
			sourceTree = "<group>";
		};
		8CD7D6D61CEF53C500EC78EE /* BreakingDependancies */ = {
			isa = PBXGroup;
			children = (
				8CD7D7141CEF628700EC78EE /* App Gumph */,
				8CD7D6FA1CEF544F00EC78EE /* MusicAnalytics.h */,
				8CD7D6FB1CEF544F00EC78EE /* MusicAnalytics.m */,
				8CD7D7051CEF57D900EC78EE /* MusicTrack.h */,
				8CD7D7061CEF57D900EC78EE /* MusicTrack.m */,
				8CD7D6FF1CEF555800EC78EE /* MusicDiff.h */,
				8CD7D7001CEF555800EC78EE /* MusicDiff.m */,
				8CD7D7021CEF569300EC78EE /* MusicDatabase.h */,
				8CD7D7031CEF569300EC78EE /* MusicDatabase.m */,
				8CD7D70E1CEF60B600EC78EE /* DatabaseTransaction.h */,
				8CD7D70F1CEF60B600EC78EE /* DatabaseTransaction.m */,
				8CD7D7111CEF60FC00EC78EE /* DatabaseConnection.h */,
				8CD7D7121CEF60FC00EC78EE /* DatabaseConnection.m */,
				8CD7D7081CEF5C4E00EC78EE /* MusicTrackListen.h */,
				8CD7D7091CEF5C4E00EC78EE /* MusicTrackListen.m */,
				8CD7D6F91CEF544F00EC78EE /* BreakingDependancies-Bridging-Header.h */,
				8CD7D70B1CEF5DFC00EC78EE /* NetworkManager.h */,
				8CD7D70C1CEF5DFC00EC78EE /* NetworkManager.m */,
			);
			path = BreakingDependancies;
			sourceTree = "<group>";
		};
		8CD7D6EB1CEF53C500EC78EE /* BreakingDependanciesTests */ = {
			isa = PBXGroup;
			children = (
				8CD7D6EC1CEF53C500EC78EE /* BreakingDependanciesTests.swift */,
				8CD7D6EE1CEF53C500EC78EE /* Info.plist */,
			);
			path = BreakingDependanciesTests;
			sourceTree = "<group>";
		};
		8CD7D7141CEF628700EC78EE /* App Gumph */ = {
			isa = PBXGroup;
			children = (
				8CD7D6D71CEF53C500EC78EE /* AppDelegate.swift */,
				8CD7D6D91CEF53C500EC78EE /* ViewController.swift */,
				8CD7D6DB1CEF53C500EC78EE /* Main.storyboard */,
				8CD7D6DE1CEF53C500EC78EE /* Assets.xcassets */,
				8CD7D6E01CEF53C500EC78EE /* LaunchScreen.storyboard */,
				8CD7D6E31CEF53C500EC78EE /* Info.plist */,
			);
			name = "App Gumph";
			sourceTree = "<group>";
		};
/* End PBXGroup section */

/* Begin PBXNativeTarget section */
		8CD7D6D31CEF53C500EC78EE /* BreakingDependancies */ = {
			isa = PBXNativeTarget;
			buildConfigurationList = 8CD7D6F11CEF53C500EC78EE /* Build configuration list for PBXNativeTarget "BreakingDependancies" */;
			buildPhases = (
				8CD7D6D01CEF53C500EC78EE /* Sources */,
				8CD7D6D11CEF53C500EC78EE /* Frameworks */,
				8CD7D6D21CEF53C500EC78EE /* Resources */,
			);
			buildRules = (
			);
			dependencies = (
			);
			name = BreakingDependancies;
			productName = BreakingDependancies;
			productReference = 8CD7D6D41CEF53C500EC78EE /* BreakingDependancies.app */;
			productType = "com.apple.product-type.application";
		};
		8CD7D6E71CEF53C500EC78EE /* BreakingDependanciesTests */ = {
			isa = PBXNativeTarget;
			buildConfigurationList = 8CD7D6F41CEF53C500EC78EE /* Build configuration list for PBXNativeTarget "BreakingDependanciesTests" */;
			buildPhases = (
				8CD7D6E41CEF53C500EC78EE /* Sources */,
				8CD7D6E51CEF53C500EC78EE /* Frameworks */,
				8CD7D6E61CEF53C500EC78EE /* Resources */,
			);
			buildRules = (
			);
			dependencies = (
				8CD7D6EA1CEF53C500EC78EE /* PBXTargetDependency */,
			);
			name = BreakingDependanciesTests;
			productName = BreakingDependanciesTests;
			productReference = 8CD7D6E81CEF53C500EC78EE /* BreakingDependanciesTests.xctest */;
			productType = "com.apple.product-type.bundle.unit-test";
		};
/* End PBXNativeTarget section */

/* Begin PBXProject section */
		8CD7D6CC1CEF53C500EC78EE /* Project object */ = {
			isa = PBXProject;
			attributes = {
				LastSwiftUpdateCheck = 0730;
				LastUpgradeCheck = 0730;
				ORGANIZATIONNAME = stringerstheory;
				TargetAttributes = {
					8CD7D6D31CEF53C500EC78EE = {
						CreatedOnToolsVersion = 7.3.1;
					};
					8CD7D6E71CEF53C500EC78EE = {
						CreatedOnToolsVersion = 7.3.1;
						TestTargetID = 8CD7D6D31CEF53C500EC78EE;
					};
				};
			};
			buildConfigurationList = 8CD7D6CF1CEF53C500EC78EE /* Build configuration list for PBXProject "BreakingDependancies" */;
			compatibilityVersion = "Xcode 3.2";
			developmentRegion = English;
			hasScannedForEncodings = 0;
			knownRegions = (
				en,
				Base,
			);
			mainGroup = 8CD7D6CB1CEF53C500EC78EE;
			productRefGroup = 8CD7D6D51CEF53C500EC78EE /* Products */;
			projectDirPath = "";
			projectRoot = "";
			targets = (
				8CD7D6D31CEF53C500EC78EE /* BreakingDependancies */,
				8CD7D6E71CEF53C500EC78EE /* BreakingDependanciesTests */,
			);
		};
/* End PBXProject section */

/* Begin PBXResourcesBuildPhase section */
		8CD7D6D21CEF53C500EC78EE /* Resources */ = {
			isa = PBXResourcesBuildPhase;
			buildActionMask = 2147483647;
			files = (
				8CD7D6E21CEF53C500EC78EE /* LaunchScreen.storyboard in Resources */,
				8CD7D6DF1CEF53C500EC78EE /* Assets.xcassets in Resources */,
				8CD7D6DD1CEF53C500EC78EE /* Main.storyboard in Resources */,
			);
			runOnlyForDeploymentPostprocessing = 0;
		};
		8CD7D6E61CEF53C500EC78EE /* Resources */ = {
			isa = PBXResourcesBuildPhase;
			buildActionMask = 2147483647;
			files = (
			);
			runOnlyForDeploymentPostprocessing = 0;
		};
/* End PBXResourcesBuildPhase section */

/* Begin PBXSourcesBuildPhase section */
		8CD7D6D01CEF53C500EC78EE /* Sources */ = {
			isa = PBXSourcesBuildPhase;
			buildActionMask = 2147483647;
			files = (
				8CD7D70D1CEF5DFC00EC78EE /* NetworkManager.m in Sources */,
				8CD7D70A1CEF5C4E00EC78EE /* MusicTrackListen.m in Sources */,
				8CD7D7011CEF555800EC78EE /* MusicDiff.m in Sources */,
				8CD7D7041CEF569300EC78EE /* MusicDatabase.m in Sources */,
				8CD7D7131CEF60FC00EC78EE /* DatabaseConnection.m in Sources */,
				8CD7D7101CEF60B600EC78EE /* DatabaseTransaction.m in Sources */,
				8CD7D6FC1CEF544F00EC78EE /* MusicAnalytics.m in Sources */,
				8CD7D7071CEF57D900EC78EE /* MusicTrack.m in Sources */,
				8CD7D6DA1CEF53C500EC78EE /* ViewController.swift in Sources */,
				8CD7D6D81CEF53C500EC78EE /* AppDelegate.swift in Sources */,
			);
			runOnlyForDeploymentPostprocessing = 0;
		};
		8CD7D6E41CEF53C500EC78EE /* Sources */ = {
			isa = PBXSourcesBuildPhase;
			buildActionMask = 2147483647;
			files = (
				8CD7D6ED1CEF53C500EC78EE /* BreakingDependanciesTests.swift in Sources */,
			);
			runOnlyForDeploymentPostprocessing = 0;
		};
/* End PBXSourcesBuildPhase section */

/* Begin PBXTargetDependency section */
		8CD7D6EA1CEF53C500EC78EE /* PBXTargetDependency */ = {
			isa = PBXTargetDependency;
			target = 8CD7D6D31CEF53C500EC78EE /* BreakingDependancies */;
			targetProxy = 8CD7D6E91CEF53C500EC78EE /* PBXContainerItemProxy */;
		};
/* End PBXTargetDependency section */

/* Begin PBXVariantGroup section */
		8CD7D6DB1CEF53C500EC78EE /* Main.storyboard */ = {
			isa = PBXVariantGroup;
			children = (
				8CD7D6DC1CEF53C500EC78EE /* Base */,
			);
			name = Main.storyboard;
			sourceTree = "<group>";
		};
		8CD7D6E01CEF53C500EC78EE /* LaunchScreen.storyboard */ = {
			isa = PBXVariantGroup;
			children = (
				8CD7D6E11CEF53C500EC78EE /* Base */,
			);
			name = LaunchScreen.storyboard;
			sourceTree = "<group>";
		};
/* End PBXVariantGroup section */

/* Begin XCBuildConfiguration section */
		8CD7D6EF1CEF53C500EC78EE /* Debug */ = {
			isa = XCBuildConfiguration;
			buildSettings = {
				ALWAYS_SEARCH_USER_PATHS = NO;
				CLANG_ANALYZER_NONNULL = YES;
				CLANG_CXX_LANGUAGE_STANDARD = "gnu++0x";
				CLANG_CXX_LIBRARY = "libc++";
				CLANG_ENABLE_MODULES = YES;
				CLANG_ENABLE_OBJC_ARC = YES;
				CLANG_WARN_BOOL_CONVERSION = YES;
				CLANG_WARN_CONSTANT_CONVERSION = YES;
				CLANG_WARN_DIRECT_OBJC_ISA_USAGE = YES_ERROR;
				CLANG_WARN_EMPTY_BODY = YES;
				CLANG_WARN_ENUM_CONVERSION = YES;
				CLANG_WARN_INT_CONVERSION = YES;
				CLANG_WARN_OBJC_ROOT_CLASS = YES_ERROR;
				CLANG_WARN_UNREACHABLE_CODE = YES;
				CLANG_WARN__DUPLICATE_METHOD_MATCH = YES;
				"CODE_SIGN_IDENTITY[sdk=iphoneos*]" = "iPhone Developer";
				COPY_PHASE_STRIP = NO;
				DEBUG_INFORMATION_FORMAT = dwarf;
				ENABLE_STRICT_OBJC_MSGSEND = YES;
				ENABLE_TESTABILITY = YES;
				GCC_C_LANGUAGE_STANDARD = gnu99;
				GCC_DYNAMIC_NO_PIC = NO;
				GCC_NO_COMMON_BLOCKS = YES;
				GCC_OPTIMIZATION_LEVEL = 0;
				GCC_PREPROCESSOR_DEFINITIONS = (
					"DEBUG=1",
					"$(inherited)",
				);
				GCC_WARN_64_TO_32_BIT_CONVERSION = YES;
				GCC_WARN_ABOUT_RETURN_TYPE = YES_ERROR;
				GCC_WARN_UNDECLARED_SELECTOR = YES;
				GCC_WARN_UNINITIALIZED_AUTOS = YES_AGGRESSIVE;
				GCC_WARN_UNUSED_FUNCTION = YES;
				GCC_WARN_UNUSED_VARIABLE = YES;
				IPHONEOS_DEPLOYMENT_TARGET = 9.3;
				MTL_ENABLE_DEBUG_INFO = YES;
				ONLY_ACTIVE_ARCH = YES;
				SDKROOT = iphoneos;
				SWIFT_OPTIMIZATION_LEVEL = "-Onone";
			};
			name = Debug;
		};
		8CD7D6F01CEF53C500EC78EE /* Release */ = {
			isa = XCBuildConfiguration;
			buildSettings = {
				ALWAYS_SEARCH_USER_PATHS = NO;
				CLANG_ANALYZER_NONNULL = YES;
				CLANG_CXX_LANGUAGE_STANDARD = "gnu++0x";
				CLANG_CXX_LIBRARY = "libc++";
				CLANG_ENABLE_MODULES = YES;
				CLANG_ENABLE_OBJC_ARC = YES;
				CLANG_WARN_BOOL_CONVERSION = YES;
				CLANG_WARN_CONSTANT_CONVERSION = YES;
				CLANG_WARN_DIRECT_OBJC_ISA_USAGE = YES_ERROR;
				CLANG_WARN_EMPTY_BODY = YES;
				CLANG_WARN_ENUM_CONVERSION = YES;
				CLANG_WARN_INT_CONVERSION = YES;
				CLANG_WARN_OBJC_ROOT_CLASS = YES_ERROR;
				CLANG_WARN_UNREACHABLE_CODE = YES;
				CLANG_WARN__DUPLICATE_METHOD_MATCH = YES;
				"CODE_SIGN_IDENTITY[sdk=iphoneos*]" = "iPhone Developer";
				COPY_PHASE_STRIP = NO;
				DEBUG_INFORMATION_FORMAT = "dwarf-with-dsym";
				ENABLE_NS_ASSERTIONS = NO;
				ENABLE_STRICT_OBJC_MSGSEND = YES;
				GCC_C_LANGUAGE_STANDARD = gnu99;
				GCC_NO_COMMON_BLOCKS = YES;
				GCC_WARN_64_TO_32_BIT_CONVERSION = YES;
				GCC_WARN_ABOUT_RETURN_TYPE = YES_ERROR;
				GCC_WARN_UNDECLARED_SELECTOR = YES;
				GCC_WARN_UNINITIALIZED_AUTOS = YES_AGGRESSIVE;
				GCC_WARN_UNUSED_FUNCTION = YES;
				GCC_WARN_UNUSED_VARIABLE = YES;
				IPHONEOS_DEPLOYMENT_TARGET = 9.3;
				MTL_ENABLE_DEBUG_INFO = NO;
				SDKROOT = iphoneos;
				VALIDATE_PRODUCT = YES;
			};
			name = Release;
		};
		8CD7D6F21CEF53C500EC78EE /* Debug */ = {
			isa = XCBuildConfiguration;
			buildSettings = {
				ASSETCATALOG_COMPILER_APPICON_NAME = AppIcon;
				CLANG_ENABLE_MODULES = YES;
				INFOPLIST_FILE = BreakingDependancies/Info.plist;
				LD_RUNPATH_SEARCH_PATHS = "$(inherited) @executable_path/Frameworks";
				PRODUCT_BUNDLE_IDENTIFIER = net.stringerstheory.BreakingDependancies;
				PRODUCT_NAME = "$(TARGET_NAME)";
				SWIFT_OBJC_BRIDGING_HEADER = "BreakingDependancies/BreakingDependancies-Bridging-Header.h";
				SWIFT_OPTIMIZATION_LEVEL = "-Onone";
			};
			name = Debug;
		};
		8CD7D6F31CEF53C500EC78EE /* Release */ = {
			isa = XCBuildConfiguration;
			buildSettings = {
				ASSETCATALOG_COMPILER_APPICON_NAME = AppIcon;
				CLANG_ENABLE_MODULES = YES;
				INFOPLIST_FILE = BreakingDependancies/Info.plist;
				LD_RUNPATH_SEARCH_PATHS = "$(inherited) @executable_path/Frameworks";
				PRODUCT_BUNDLE_IDENTIFIER = net.stringerstheory.BreakingDependancies;
				PRODUCT_NAME = "$(TARGET_NAME)";
				SWIFT_OBJC_BRIDGING_HEADER = "BreakingDependancies/BreakingDependancies-Bridging-Header.h";
			};
			name = Release;
		};
		8CD7D6F51CEF53C500EC78EE /* Debug */ = {
			isa = XCBuildConfiguration;
			buildSettings = {
				BUNDLE_LOADER = "$(TEST_HOST)";
				INFOPLIST_FILE = BreakingDependanciesTests/Info.plist;
				LD_RUNPATH_SEARCH_PATHS = "$(inherited) @executable_path/Frameworks @loader_path/Frameworks";
				PRODUCT_BUNDLE_IDENTIFIER = net.stringerstheory.BreakingDependanciesTests;
				PRODUCT_NAME = "$(TARGET_NAME)";
				TEST_HOST = "$(BUILT_PRODUCTS_DIR)/BreakingDependancies.app/BreakingDependancies";
			};
			name = Debug;
		};
		8CD7D6F61CEF53C500EC78EE /* Release */ = {
			isa = XCBuildConfiguration;
			buildSettings = {
				BUNDLE_LOADER = "$(TEST_HOST)";
				INFOPLIST_FILE = BreakingDependanciesTests/Info.plist;
				LD_RUNPATH_SEARCH_PATHS = "$(inherited) @executable_path/Frameworks @loader_path/Frameworks";
				PRODUCT_BUNDLE_IDENTIFIER = net.stringerstheory.BreakingDependanciesTests;
				PRODUCT_NAME = "$(TARGET_NAME)";
				TEST_HOST = "$(BUILT_PRODUCTS_DIR)/BreakingDependancies.app/BreakingDependancies";
			};
			name = Release;
		};
/* End XCBuildConfiguration section */

/* Begin XCConfigurationList section */
		8CD7D6CF1CEF53C500EC78EE /* Build configuration list for PBXProject "BreakingDependancies" */ = {
			isa = XCConfigurationList;
			buildConfigurations = (
				8CD7D6EF1CEF53C500EC78EE /* Debug */,
				8CD7D6F01CEF53C500EC78EE /* Release */,
			);
			defaultConfigurationIsVisible = 0;
			defaultConfigurationName = Release;
		};
		8CD7D6F11CEF53C500EC78EE /* Build configuration list for PBXNativeTarget "BreakingDependancies" */ = {
			isa = XCConfigurationList;
			buildConfigurations = (
				8CD7D6F21CEF53C500EC78EE /* Debug */,
				8CD7D6F31CEF53C500EC78EE /* Release */,
			);
			defaultConfigurationIsVisible = 0;
		};
		8CD7D6F41CEF53C500EC78EE /* Build configuration list for PBXNativeTarget "BreakingDependanciesTests" */ = {
			isa = XCConfigurationList;
			buildConfigurations = (
				8CD7D6F51CEF53C500EC78EE /* Debug */,
				8CD7D6F61CEF53C500EC78EE /* Release */,
			);
			defaultConfigurationIsVisible = 0;
		};
/* End XCConfigurationList section */
	};
	rootObject = 8CD7D6CC1CEF53C500EC78EE /* Project object */;
}
